github.com/oleksiivelychko/go-helper v0.0.0-20220206054409-70b178a271e0 h1:aUKSm8cd7zZHeuLATFY/TzQ0ElzTaa7+5FPuoa0E/s4=
github.com/oleksiivelychko/go-helper v0.0.0-20220206054409-70b178a271e0/go.mod h1:gOXquLGmt27EXdK4XR4bkgMLSyEqYPUGlFawIsgUbZE=
github.com/oleksiivelychko/go-helper v0.0.0-20220429045140-97947692be50 h1:JeyOMXAy3SaSWpWGsk7MXoFwMKRNMf1U6iyksTnPdDk=
github.com/oleksiivelychko/go-helper v0.0.0-20220429045140-97947692be50/go.mod h1:1udeNPRTjJ0IVenT63zOPTBfailEQqj2zH9W0m+387M=
